
Microsoft Visual Studio Solution File, Format Version 12.00
# Visual Studio Version 17
VisualStudioVersion = 17.0.31903.59
MinimumVisualStudioVersion = 10.0.40219.1
Project("{FAE04EC0-301F-11D3-BF4B-00C04F79EFBC}") = "Blue.Domain", "Blue.Domain\Blue.Domain.csproj", "{77EC6A8D-D1DA-41F4-87D3-0A4AB45B5833}"
EndProject
Project("{FAE04EC0-301F-11D3-BF4B-00C04F79EFBC}") = "Blue.Application", "Blue.Application\Blue.Application.csproj", "{50A06542-FED9-459A-9FF9-CAF59FE3657C}"
EndProject
Project("{FAE04EC0-301F-11D3-BF4B-00C04F79EFBC}") = "Blue.Infrastructure", "Blue.Infrastructure\Blue.Infrastructure.csproj", "{D5BAC74E-8854-4CB4-B2A9-7C1337F1D41C}"
EndProject
Project("{FAE04EC0-301F-11D3-BF4B-00C04F79EFBC}") = "Blue.Api", "Blue.Api\Blue.Api.csproj", "{DAF95C27-D8C6-4173-96B7-8CD5D347C10C}"
EndProject
Global
	GlobalSection(SolutionConfigurationPlatforms) = preSolution
		Debug|Any CPU = Debug|Any CPU
		Debug|x64 = Debug|x64
		Debug|x86 = Debug|x86
		Release|Any CPU = Release|Any CPU
		Release|x64 = Release|x64
		Release|x86 = Release|x86
	EndGlobalSection
	GlobalSection(ProjectConfigurationPlatforms) = postSolution
		{77EC6A8D-D1DA-41F4-87D3-0A4AB45B5833}.Debug|Any CPU.ActiveCfg = Debug|Any CPU
		{77EC6A8D-D1DA-41F4-87D3-0A4AB45B5833}.Debug|Any CPU.Build.0 = Debug|Any CPU
		{77EC6A8D-D1DA-41F4-87D3-0A4AB45B5833}.Debug|x64.ActiveCfg = Debug|Any CPU
		{77EC6A8D-D1DA-41F4-87D3-0A4AB45B5833}.Debug|x64.Build.0 = Debug|Any CPU
		{77EC6A8D-D1DA-41F4-87D3-0A4AB45B5833}.Debug|x86.ActiveCfg = Debug|Any CPU
		{77EC6A8D-D1DA-41F4-87D3-0A4AB45B5833}.Debug|x86.Build.0 = Debug|Any CPU
		{77EC6A8D-D1DA-41F4-87D3-0A4AB45B5833}.Release|Any CPU.ActiveCfg = Release|Any CPU
		{77EC6A8D-D1DA-41F4-87D3-0A4AB45B5833}.Release|Any CPU.Build.0 = Release|Any CPU
		{77EC6A8D-D1DA-41F4-87D3-0A4AB45B5833}.Release|x64.ActiveCfg = Release|Any CPU
		{77EC6A8D-D1DA-41F4-87D3-0A4AB45B5833}.Release|x64.Build.0 = Release|Any CPU
		{77EC6A8D-D1DA-41F4-87D3-0A4AB45B5833}.Release|x86.ActiveCfg = Release|Any CPU
		{77EC6A8D-D1DA-41F4-87D3-0A4AB45B5833}.Release|x86.Build.0 = Release|Any CPU
		{50A06542-FED9-459A-9FF9-CAF59FE3657C}.Debug|Any CPU.ActiveCfg = Debug|Any CPU
		{50A06542-FED9-459A-9FF9-CAF59FE3657C}.Debug|Any CPU.Build.0 = Debug|Any CPU
		{50A06542-FED9-459A-9FF9-CAF59FE3657C}.Debug|x64.ActiveCfg = Debug|Any CPU
		{50A06542-FED9-459A-9FF9-CAF59FE3657C}.Debug|x64.Build.0 = Debug|Any CPU
		{50A06542-FED9-459A-9FF9-CAF59FE3657C}.Debug|x86.ActiveCfg = Debug|Any CPU
		{50A06542-FED9-459A-9FF9-CAF59FE3657C}.Debug|x86.Build.0 = Debug|Any CPU
		{50A06542-FED9-459A-9FF9-CAF59FE3657C}.Release|Any CPU.ActiveCfg = Release|Any CPU
		{50A06542-FED9-459A-9FF9-CAF59FE3657C}.Release|Any CPU.Build.0 = Release|Any CPU
		{50A06542-FED9-459A-9FF9-CAF59FE3657C}.Release|x64.ActiveCfg = Release|Any CPU
		{50A06542-FED9-459A-9FF9-CAF59FE3657C}.Release|x64.Build.0 = Release|Any CPU
		{50A06542-FED9-459A-9FF9-CAF59FE3657C}.Release|x86.ActiveCfg = Release|Any CPU
		{50A06542-FED9-459A-9FF9-CAF59FE3657C}.Release|x86.Build.0 = Release|Any CPU
		{D5BAC74E-8854-4CB4-B2A9-7C1337F1D41C}.Debug|Any CPU.ActiveCfg = Debug|Any CPU
		{D5BAC74E-8854-4CB4-B2A9-7C1337F1D41C}.Debug|Any CPU.Build.0 = Debug|Any CPU
		{D5BAC74E-8854-4CB4-B2A9-7C1337F1D41C}.Debug|x64.ActiveCfg = Debug|Any CPU
		{D5BAC74E-8854-4CB4-B2A9-7C1337F1D41C}.Debug|x64.Build.0 = Debug|Any CPU
		{D5BAC74E-8854-4CB4-B2A9-7C1337F1D41C}.Debug|x86.ActiveCfg = Debug|Any CPU
		{D5BAC74E-8854-4CB4-B2A9-7C1337F1D41C}.Debug|x86.Build.0 = Debug|Any CPU
		{D5BAC74E-8854-4CB4-B2A9-7C1337F1D41C}.Release|Any CPU.ActiveCfg = Release|Any CPU
		{D5BAC74E-8854-4CB4-B2A9-7C1337F1D41C}.Release|Any CPU.Build.0 = Release|Any CPU
		{D5BAC74E-8854-4CB4-B2A9-7C1337F1D41C}.Release|x64.ActiveCfg = Release|Any CPU
		{D5BAC74E-8854-4CB4-B2A9-7C1337F1D41C}.Release|x64.Build.0 = Release|Any CPU
		{D5BAC74E-8854-4CB4-B2A9-7C1337F1D41C}.Release|x86.ActiveCfg = Release|Any CPU
		{D5BAC74E-8854-4CB4-B2A9-7C1337F1D41C}.Release|x86.Build.0 = Release|Any CPU
		{DAF95C27-D8C6-4173-96B7-8CD5D347C10C}.Debug|Any CPU.ActiveCfg = Debug|Any CPU
		{DAF95C27-D8C6-4173-96B7-8CD5D347C10C}.Debug|Any CPU.Build.0 = Debug|Any CPU
		{DAF95C27-D8C6-4173-96B7-8CD5D347C10C}.Debug|x64.ActiveCfg = Debug|Any CPU
		{DAF95C27-D8C6-4173-96B7-8CD5D347C10C}.Debug|x64.Build.0 = Debug|Any CPU
		{DAF95C27-D8C6-4173-96B7-8CD5D347C10C}.Debug|x86.ActiveCfg = Debug|Any CPU
		{DAF95C27-D8C6-4173-96B7-8CD5D347C10C}.Debug|x86.Build.0 = Debug|Any CPU
		{DAF95C27-D8C6-4173-96B7-8CD5D347C10C}.Release|Any CPU.ActiveCfg = Release|Any CPU
		{DAF95C27-D8C6-4173-96B7-8CD5D347C10C}.Release|Any CPU.Build.0 = Release|Any CPU
		{DAF95C27-D8C6-4173-96B7-8CD5D347C10C}.Release|x64.ActiveCfg = Release|Any CPU
		{DAF95C27-D8C6-4173-96B7-8CD5D347C10C}.Release|x64.Build.0 = Release|Any CPU
		{DAF95C27-D8C6-4173-96B7-8CD5D347C10C}.Release|x86.ActiveCfg = Release|Any CPU
		{DAF95C27-D8C6-4173-96B7-8CD5D347C10C}.Release|x86.Build.0 = Release|Any CPU
	EndGlobalSection
	GlobalSection(SolutionProperties) = preSolution
		HideSolutionNode = FALSE
	EndGlobalSection
EndGlobal
